
Microsoft Visual Studio Solution File, Format Version 12.00
# Visual Studio Version 16
VisualStudioVersion = 16.0.32228.343
MinimumVisualStudioVersion = 10.0.40219.1
Project("{FAE04EC0-301F-11D3-BF4B-00C04F79EFBC}") = "JWTApi", "JWTApi\JWTApi.csproj", "{D42B32F6-90A7-44DD-86AF-6197B87D6683}"
EndProject
Global
	GlobalSection(SolutionConfigurationPlatforms) = preSolution
		Debug|Any CPU = Debug|Any CPU
		Release|Any CPU = Release|Any CPU
	EndGlobalSection
	GlobalSection(ProjectConfigurationPlatforms) = postSolution
		{D42B32F6-90A7-44DD-86AF-6197B87D6683}.Debug|Any CPU.ActiveCfg = Debug|Any CPU
		{D42B32F6-90A7-44DD-86AF-6197B87D6683}.Debug|Any CPU.Build.0 = Debug|Any CPU
		{D42B32F6-90A7-44DD-86AF-6197B87D6683}.Release|Any CPU.ActiveCfg = Release|Any CPU
		{D42B32F6-90A7-44DD-86AF-6197B87D6683}.Release|Any CPU.Build.0 = Release|Any CPU
	EndGlobalSection
	GlobalSection(SolutionProperties) = preSolution
		HideSolutionNode = FALSE
	EndGlobalSection
	GlobalSection(ExtensibilityGlobals) = postSolution
		SolutionGuid = {59EEC23B-92AD-499B-A977-DA4D468F5A02}
	EndGlobalSection
EndGlobal
